
Microsoft Visual Studio Solution File, Format Version 12.00
# Visual Studio Version 17
VisualStudioVersion = 17.1.32228.430
MinimumVisualStudioVersion = 10.0.40219.1
Project("{9A19103F-16F7-4668-BE54-9A1E7A4F7556}") = "LearnToCode.ConsoleUI", "LearnToCode.ConsoleUI\LearnToCode.ConsoleUI.csproj", "{2C5F0EEE-3D20-4327-93DF-BEEFEEE24BED}"
EndProject
Project("{9A19103F-16F7-4668-BE54-9A1E7A4F7556}") = "LearnToCode.Repository", "LearnToCode.Repository\LearnToCode.Repository.csproj", "{2EC3E4CE-B6E1-4F71-9BF1-7E49ED5F50FB}"
EndProject
Project("{9A19103F-16F7-4668-BE54-9A1E7A4F7556}") = "LearnToCode.Models", "LearnToCode.Models\LearnToCode.Models.csproj", "{7A3EDEE9-ACE9-4CB1-80A1-63763B68E115}"
EndProject
Global
	GlobalSection(SolutionConfigurationPlatforms) = preSolution
		Debug|Any CPU = Debug|Any CPU
		Release|Any CPU = Release|Any CPU
	EndGlobalSection
	GlobalSection(ProjectConfigurationPlatforms) = postSolution
		{2C5F0EEE-3D20-4327-93DF-BEEFEEE24BED}.Debug|Any CPU.ActiveCfg = Debug|Any CPU
		{2C5F0EEE-3D20-4327-93DF-BEEFEEE24BED}.Debug|Any CPU.Build.0 = Debug|Any CPU
		{2C5F0EEE-3D20-4327-93DF-BEEFEEE24BED}.Release|Any CPU.ActiveCfg = Release|Any CPU
		{2C5F0EEE-3D20-4327-93DF-BEEFEEE24BED}.Release|Any CPU.Build.0 = Release|Any CPU
		{2EC3E4CE-B6E1-4F71-9BF1-7E49ED5F50FB}.Debug|Any CPU.ActiveCfg = Debug|Any CPU
		{2EC3E4CE-B6E1-4F71-9BF1-7E49ED5F50FB}.Debug|Any CPU.Build.0 = Debug|Any CPU
		{2EC3E4CE-B6E1-4F71-9BF1-7E49ED5F50FB}.Release|Any CPU.ActiveCfg = Release|Any CPU
		{2EC3E4CE-B6E1-4F71-9BF1-7E49ED5F50FB}.Release|Any CPU.Build.0 = Release|Any CPU
		{7A3EDEE9-ACE9-4CB1-80A1-63763B68E115}.Debug|Any CPU.ActiveCfg = Debug|Any CPU
		{7A3EDEE9-ACE9-4CB1-80A1-63763B68E115}.Debug|Any CPU.Build.0 = Debug|Any CPU
		{7A3EDEE9-ACE9-4CB1-80A1-63763B68E115}.Release|Any CPU.ActiveCfg = Release|Any CPU
		{7A3EDEE9-ACE9-4CB1-80A1-63763B68E115}.Release|Any CPU.Build.0 = Release|Any CPU
	EndGlobalSection
	GlobalSection(SolutionProperties) = preSolution
		HideSolutionNode = FALSE
	EndGlobalSection
	GlobalSection(ExtensibilityGlobals) = postSolution
		SolutionGuid = {1AF8D71C-8555-4E40-A6A8-D52576B07114}
	EndGlobalSection
EndGlobal
